
Microsoft Visual Studio Solution File, Format Version 12.00
# Visual Studio Version 16
VisualStudioVersion = 16.0.31313.79
MinimumVisualStudioVersion = 10.0.40219.1
Project("{FAE04EC0-301F-11D3-BF4B-00C04F79EFBC}") = "Guessing Game", "Guessing Game.csproj", "{46357FA8-4554-479B-9F7D-32B26B3E737F}"
EndProject
Global
	GlobalSection(SolutionConfigurationPlatforms) = preSolution
		Debug|Any CPU = Debug|Any CPU
		Release|Any CPU = Release|Any CPU
	EndGlobalSection
	GlobalSection(ProjectConfigurationPlatforms) = postSolution
		{46357FA8-4554-479B-9F7D-32B26B3E737F}.Debug|Any CPU.ActiveCfg = Debug|Any CPU
		{46357FA8-4554-479B-9F7D-32B26B3E737F}.Debug|Any CPU.Build.0 = Debug|Any CPU
		{46357FA8-4554-479B-9F7D-32B26B3E737F}.Release|Any CPU.ActiveCfg = Release|Any CPU
		{46357FA8-4554-479B-9F7D-32B26B3E737F}.Release|Any CPU.Build.0 = Release|Any CPU
	EndGlobalSection
	GlobalSection(SolutionProperties) = preSolution
		HideSolutionNode = FALSE
	EndGlobalSection
	GlobalSection(ExtensibilityGlobals) = postSolution
		SolutionGuid = {03977C26-EF60-4DE1-BBE1-C1AF27153167}
	EndGlobalSection
EndGlobal
