
Microsoft Visual Studio Solution File, Format Version 12.00
# Visual Studio Version 16
VisualStudioVersion = 16.0.31313.79
MinimumVisualStudioVersion = 10.0.40219.1
Project("{FAE04EC0-301F-11D3-BF4B-00C04F79EFBC}") = "EFW Assignment", "EFW Assignment.csproj", "{72F3DF9B-95ED-4637-8DBF-B392102032FF}"
EndProject
Global
	GlobalSection(SolutionConfigurationPlatforms) = preSolution
		Debug|Any CPU = Debug|Any CPU
		Release|Any CPU = Release|Any CPU
	EndGlobalSection
	GlobalSection(ProjectConfigurationPlatforms) = postSolution
		{72F3DF9B-95ED-4637-8DBF-B392102032FF}.Debug|Any CPU.ActiveCfg = Debug|Any CPU
		{72F3DF9B-95ED-4637-8DBF-B392102032FF}.Debug|Any CPU.Build.0 = Debug|Any CPU
		{72F3DF9B-95ED-4637-8DBF-B392102032FF}.Release|Any CPU.ActiveCfg = Release|Any CPU
		{72F3DF9B-95ED-4637-8DBF-B392102032FF}.Release|Any CPU.Build.0 = Release|Any CPU
	EndGlobalSection
	GlobalSection(SolutionProperties) = preSolution
		HideSolutionNode = FALSE
	EndGlobalSection
	GlobalSection(ExtensibilityGlobals) = postSolution
		SolutionGuid = {3EC84880-F5BC-43F8-B72E-741207E1CD30}
	EndGlobalSection
EndGlobal
