
Microsoft Visual Studio Solution File, Format Version 12.00
# Visual Studio Version 16
VisualStudioVersion = 16.0.31205.134
MinimumVisualStudioVersion = 10.0.40219.1
Project("{FAE04EC0-301F-11D3-BF4B-00C04F79EFBC}") = "Lexicon - MVC", "Lexicon - MVC.csproj", "{B1093502-91F5-48CA-B937-76CCD23E7F6B}"
EndProject
Global
	GlobalSection(SolutionConfigurationPlatforms) = preSolution
		Debug|Any CPU = Debug|Any CPU
		Release|Any CPU = Release|Any CPU
	EndGlobalSection
	GlobalSection(ProjectConfigurationPlatforms) = postSolution
		{B1093502-91F5-48CA-B937-76CCD23E7F6B}.Debug|Any CPU.ActiveCfg = Debug|Any CPU
		{B1093502-91F5-48CA-B937-76CCD23E7F6B}.Debug|Any CPU.Build.0 = Debug|Any CPU
		{B1093502-91F5-48CA-B937-76CCD23E7F6B}.Release|Any CPU.ActiveCfg = Release|Any CPU
		{B1093502-91F5-48CA-B937-76CCD23E7F6B}.Release|Any CPU.Build.0 = Release|Any CPU
	EndGlobalSection
	GlobalSection(SolutionProperties) = preSolution
		HideSolutionNode = FALSE
	EndGlobalSection
	GlobalSection(ExtensibilityGlobals) = postSolution
		SolutionGuid = {F19E168C-0F64-466B-93FD-1D3A0F6BD711}
	EndGlobalSection
EndGlobal
